// !$*UTF8*$!
{
	archiveVersion = 1;
	classes = {
	};
	objectVersion = 46;
	objects = {

/* Begin PBXBuildFile section */
		4B8C549C2071F1330066BAE1 /* libopencv_core.dylib in Frameworks */ = {isa = PBXBuildFile; fileRef = 4B8C549B2071F1320066BAE1 /* libopencv_core.dylib */; };
		4B8C549E2071F13E0066BAE1 /* libopencv_highgui.dylib in Frameworks */ = {isa = PBXBuildFile; fileRef = 4B8C549D2071F13E0066BAE1 /* libopencv_highgui.dylib */; };
		4B8C54A02071F14B0066BAE1 /* libopencv_features2d.dylib in Frameworks */ = {isa = PBXBuildFile; fileRef = 4B8C549F2071F14B0066BAE1 /* libopencv_features2d.dylib */; };
		4B8C54A22071F1580066BAE1 /* libopencv_imgproc.dylib in Frameworks */ = {isa = PBXBuildFile; fileRef = 4B8C54A12071F1570066BAE1 /* libopencv_imgproc.dylib */; };
		4B8C54A42071F15C0066BAE1 /* libopencv_imgcodecs.dylib in Frameworks */ = {isa = PBXBuildFile; fileRef = 4B8C54A32071F15C0066BAE1 /* libopencv_imgcodecs.dylib */; };
		4B8C54C7207912240066BAE1 /* DetectRubik.mm in Sources */ = {isa = PBXBuildFile; fileRef = 4B8C54AA207912240066BAE1 /* DetectRubik.mm */; };
		4B8C54C8207912240066BAE1 /* CubeGLDrawer.cpp in Sources */ = {isa = PBXBuildFile; fileRef = 4B8C54AF207912240066BAE1 /* CubeGLDrawer.cpp */; };
		4B8C54C9207912240066BAE1 /* CubeHandler.cpp in Sources */ = {isa = PBXBuildFile; fileRef = 4B8C54B0207912240066BAE1 /* CubeHandler.cpp */; };
		4B8C54CA207912240066BAE1 /* ColorPermMap.cpp in Sources */ = {isa = PBXBuildFile; fileRef = 4B8C54B2207912240066BAE1 /* ColorPermMap.cpp */; };
		4B8C54CB207912240066BAE1 /* FridrichSolver.cpp in Sources */ = {isa = PBXBuildFile; fileRef = 4B8C54B5207912240066BAE1 /* FridrichSolver.cpp */; };
		4B8C54CC207912240066BAE1 /* DummyCubeSolver.cpp in Sources */ = {isa = PBXBuildFile; fileRef = 4B8C54B7207912240066BAE1 /* DummyCubeSolver.cpp */; };
		4B8C54CD207912240066BAE1 /* CubeSolver.cpp in Sources */ = {isa = PBXBuildFile; fileRef = 4B8C54BA207912240066BAE1 /* CubeSolver.cpp */; };
		4B8C54CE207912240066BAE1 /* ThistleSolver.cpp in Sources */ = {isa = PBXBuildFile; fileRef = 4B8C54BC207912240066BAE1 /* ThistleSolver.cpp */; };
		4B8C54CF207912240066BAE1 /* GenBruteSolve.cpp in Sources */ = {isa = PBXBuildFile; fileRef = 4B8C54BD207912240066BAE1 /* GenBruteSolve.cpp */; };
		4B8C54D0207912240066BAE1 /* Cubelet.cpp in Sources */ = {isa = PBXBuildFile; fileRef = 4B8C54BF207912240066BAE1 /* Cubelet.cpp */; };
		4B8C54D1207912240066BAE1 /* RubikBase.cpp in Sources */ = {isa = PBXBuildFile; fileRef = 4B8C54C0207912240066BAE1 /* RubikBase.cpp */; };
		4B8C54D2207912250066BAE1 /* Cube.cpp in Sources */ = {isa = PBXBuildFile; fileRef = 4B8C54C3207912240066BAE1 /* Cube.cpp */; };
		4B8C54D3207912250066BAE1 /* ColorPermutation.cpp in Sources */ = {isa = PBXBuildFile; fileRef = 4B8C54C6207912240066BAE1 /* ColorPermutation.cpp */; };
		4BA114F5208D7215008726BC /* RubikAssert.cpp in Sources */ = {isa = PBXBuildFile; fileRef = 4BA114F3208D7214008726BC /* RubikAssert.cpp */; };
		4BF73868211616A9003CBA7C /* ExportCubeSolver.cpp in Sources */ = {isa = PBXBuildFile; fileRef = 4BF73866211616A9003CBA7C /* ExportCubeSolver.cpp */; };
		4BF73869211616A9003CBA7C /* ExportSolverConvert.cpp in Sources */ = {isa = PBXBuildFile; fileRef = 4BF73867211616A9003CBA7C /* ExportSolverConvert.cpp */; };
		740959030CC8255A00261DBF /* AppDelegate.mm in Sources */ = {isa = PBXBuildFile; fileRef = 740959010CC8255A00261DBF /* AppDelegate.mm */; };
		7409592A0CC826D800261DBF /* Credits.rtf in Resources */ = {isa = PBXBuildFile; fileRef = 740959290CC826D800261DBF /* Credits.rtf */; };
		745217950CA98A790067AF41 /* OpenGL.framework in Frameworks */ = {isa = PBXBuildFile; fileRef = 745217940CA98A790067AF41 /* OpenGL.framework */; };
		745217CB0CA98B160067AF41 /* drawInfo.mm in Sources */ = {isa = PBXBuildFile; fileRef = 74F0EC600CA98A08009E924F /* drawInfo.mm */; };
		745217CC0CA98B160067AF41 /* GLCheck.cpp in Sources */ = {isa = PBXBuildFile; fileRef = 74F0EC5F0CA98A08009E924F /* GLCheck.cpp */; };
		745217CD0CA98B160067AF41 /* GLString.mm in Sources */ = {isa = PBXBuildFile; fileRef = 74F0EC690CA98A30009E924F /* GLString.mm */; };
		745217CE0CA98B160067AF41 /* trackball.cpp in Sources */ = {isa = PBXBuildFile; fileRef = 74F0EC6C0CA98A30009E924F /* trackball.cpp */; };
		74A064910CC824A500C5C702 /* Cocoa GL.icns in Resources */ = {isa = PBXBuildFile; fileRef = 74A064900CC824A500C5C702 /* Cocoa GL.icns */; };
		74F0EC5D0CA989F9009E924F /* BasicOpenGLView.mm in Sources */ = {isa = PBXBuildFile; fileRef = 74F0EC5B0CA989F9009E924F /* BasicOpenGLView.mm */; };
		8D11072A0486CEB800E47090 /* MainMenu.nib in Resources */ = {isa = PBXBuildFile; fileRef = 29B97318FDCFA39411CA2CEA /* MainMenu.nib */; };
		8D11072B0486CEB800E47090 /* InfoPlist.strings in Resources */ = {isa = PBXBuildFile; fileRef = 089C165CFE840E0CC02AAC07 /* InfoPlist.strings */; };
		8D11072D0486CEB800E47090 /* main.mm in Sources */ = {isa = PBXBuildFile; fileRef = 29B97316FDCFA39411CA2CEA /* main.mm */; settings = {ATTRIBUTES = (); }; };
		8D11072F0486CEB800E47090 /* Cocoa.framework in Frameworks */ = {isa = PBXBuildFile; fileRef = 1058C7A1FEA54F0111CA2CBB /* Cocoa.framework */; };
/* End PBXBuildFile section */

/* Begin PBXFileReference section */
		089C165DFE840E0CC02AAC07 /* English */ = {isa = PBXFileReference; fileEncoding = 10; lastKnownFileType = text.plist.strings; name = English; path = English.lproj/InfoPlist.strings; sourceTree = "<group>"; };
		1058C7A1FEA54F0111CA2CBB /* Cocoa.framework */ = {isa = PBXFileReference; lastKnownFileType = wrapper.framework; name = Cocoa.framework; path = /System/Library/Frameworks/Cocoa.framework; sourceTree = "<absolute>"; };
		29B97316FDCFA39411CA2CEA /* main.mm */ = {isa = PBXFileReference; fileEncoding = 4; lastKnownFileType = sourcecode.cpp.objcpp; path = main.mm; sourceTree = "<group>"; };
		29B97319FDCFA39411CA2CEA /* English */ = {isa = PBXFileReference; lastKnownFileType = wrapper.nib; name = English; path = English.lproj/MainMenu.nib; sourceTree = "<group>"; };
		32CA4F630368D1EE00C91783 /* Cocoa OpenGL_Prefix.pch */ = {isa = PBXFileReference; fileEncoding = 4; lastKnownFileType = sourcecode.c.h; path = "Cocoa OpenGL_Prefix.pch"; sourceTree = "<group>"; };
		4B8C549B2071F1320066BAE1 /* libopencv_core.dylib */ = {isa = PBXFileReference; lastKnownFileType = "compiled.mach-o.dylib"; name = libopencv_core.dylib; path = ../../../../../../usr/local/lib/libopencv_core.dylib; sourceTree = "<group>"; };
		4B8C549D2071F13E0066BAE1 /* libopencv_highgui.dylib */ = {isa = PBXFileReference; lastKnownFileType = "compiled.mach-o.dylib"; name = libopencv_highgui.dylib; path = ../../../../../../usr/local/lib/libopencv_highgui.dylib; sourceTree = "<group>"; };
		4B8C549F2071F14B0066BAE1 /* libopencv_features2d.dylib */ = {isa = PBXFileReference; lastKnownFileType = "compiled.mach-o.dylib"; name = libopencv_features2d.dylib; path = ../../../../../../usr/local/lib/libopencv_features2d.dylib; sourceTree = "<group>"; };
		4B8C54A12071F1570066BAE1 /* libopencv_imgproc.dylib */ = {isa = PBXFileReference; lastKnownFileType = "compiled.mach-o.dylib"; name = libopencv_imgproc.dylib; path = ../../../../../../usr/local/lib/libopencv_imgproc.dylib; sourceTree = "<group>"; };
		4B8C54A32071F15C0066BAE1 /* libopencv_imgcodecs.dylib */ = {isa = PBXFileReference; lastKnownFileType = "compiled.mach-o.dylib"; name = libopencv_imgcodecs.dylib; path = ../../../../../../usr/local/lib/libopencv_imgcodecs.dylib; sourceTree = "<group>"; };
		4B8C54AA207912240066BAE1 /* DetectRubik.mm */ = {isa = PBXFileReference; fileEncoding = 4; lastKnownFileType = sourcecode.cpp.objcpp; path = DetectRubik.mm; sourceTree = "<group>"; };
		4B8C54AB207912240066BAE1 /* DetectRubik.h */ = {isa = PBXFileReference; fileEncoding = 4; lastKnownFileType = sourcecode.c.h; path = DetectRubik.h; sourceTree = "<group>"; };
		4B8C54AC207912240066BAE1 /* ColorPermMap.h */ = {isa = PBXFileReference; fileEncoding = 4; lastKnownFileType = sourcecode.c.h; path = ColorPermMap.h; sourceTree = "<group>"; };
		4B8C54AE207912240066BAE1 /* CubeGLDrawer.h */ = {isa = PBXFileReference; fileEncoding = 4; lastKnownFileType = sourcecode.c.h; path = CubeGLDrawer.h; sourceTree = "<group>"; };
		4B8C54AF207912240066BAE1 /* CubeGLDrawer.cpp */ = {isa = PBXFileReference; fileEncoding = 4; lastKnownFileType = sourcecode.cpp.cpp; path = CubeGLDrawer.cpp; sourceTree = "<group>"; };
		4B8C54B0207912240066BAE1 /* CubeHandler.cpp */ = {isa = PBXFileReference; fileEncoding = 4; lastKnownFileType = sourcecode.cpp.cpp; path = CubeHandler.cpp; sourceTree = "<group>"; };
		4B8C54B1207912240066BAE1 /* CubeHandler.h */ = {isa = PBXFileReference; fileEncoding = 4; lastKnownFileType = sourcecode.c.h; path = CubeHandler.h; sourceTree = "<group>"; };
		4B8C54B2207912240066BAE1 /* ColorPermMap.cpp */ = {isa = PBXFileReference; fileEncoding = 4; lastKnownFileType = sourcecode.cpp.cpp; path = ColorPermMap.cpp; sourceTree = "<group>"; };
		4B8C54B4207912240066BAE1 /* GenBruteSolve.h */ = {isa = PBXFileReference; fileEncoding = 4; lastKnownFileType = sourcecode.c.h; path = GenBruteSolve.h; sourceTree = "<group>"; };
		4B8C54B5207912240066BAE1 /* FridrichSolver.cpp */ = {isa = PBXFileReference; fileEncoding = 4; lastKnownFileType = sourcecode.cpp.cpp; path = FridrichSolver.cpp; sourceTree = "<group>"; };
		4B8C54B6207912240066BAE1 /* FridrichSolver.h */ = {isa = PBXFileReference; fileEncoding = 4; lastKnownFileType = sourcecode.c.h; path = FridrichSolver.h; sourceTree = "<group>"; };
		4B8C54B7207912240066BAE1 /* DummyCubeSolver.cpp */ = {isa = PBXFileReference; fileEncoding = 4; lastKnownFileType = sourcecode.cpp.cpp; path = DummyCubeSolver.cpp; sourceTree = "<group>"; };
		4B8C54B8207912240066BAE1 /* ThistleSolver.h */ = {isa = PBXFileReference; fileEncoding = 4; lastKnownFileType = sourcecode.c.h; path = ThistleSolver.h; sourceTree = "<group>"; };
		4B8C54B9207912240066BAE1 /* DummyCubeSolver.h */ = {isa = PBXFileReference; fileEncoding = 4; lastKnownFileType = sourcecode.c.h; path = DummyCubeSolver.h; sourceTree = "<group>"; };
		4B8C54BA207912240066BAE1 /* CubeSolver.cpp */ = {isa = PBXFileReference; fileEncoding = 4; lastKnownFileType = sourcecode.cpp.cpp; path = CubeSolver.cpp; sourceTree = "<group>"; };
		4B8C54BB207912240066BAE1 /* CubeSolver.h */ = {isa = PBXFileReference; fileEncoding = 4; lastKnownFileType = sourcecode.c.h; path = CubeSolver.h; sourceTree = "<group>"; };
		4B8C54BC207912240066BAE1 /* ThistleSolver.cpp */ = {isa = PBXFileReference; fileEncoding = 4; lastKnownFileType = sourcecode.cpp.cpp; path = ThistleSolver.cpp; sourceTree = "<group>"; };
		4B8C54BD207912240066BAE1 /* GenBruteSolve.cpp */ = {isa = PBXFileReference; fileEncoding = 4; lastKnownFileType = sourcecode.cpp.cpp; path = GenBruteSolve.cpp; sourceTree = "<group>"; };
		4B8C54BE207912240066BAE1 /* Cube.h */ = {isa = PBXFileReference; fileEncoding = 4; lastKnownFileType = sourcecode.c.h; path = Cube.h; sourceTree = "<group>"; };
		4B8C54BF207912240066BAE1 /* Cubelet.cpp */ = {isa = PBXFileReference; fileEncoding = 4; lastKnownFileType = sourcecode.cpp.cpp; path = Cubelet.cpp; sourceTree = "<group>"; };
		4B8C54C0207912240066BAE1 /* RubikBase.cpp */ = {isa = PBXFileReference; fileEncoding = 4; lastKnownFileType = sourcecode.cpp.cpp; path = RubikBase.cpp; sourceTree = "<group>"; };
		4B8C54C1207912240066BAE1 /* ColorPermutation.h */ = {isa = PBXFileReference; fileEncoding = 4; lastKnownFileType = sourcecode.c.h; path = ColorPermutation.h; sourceTree = "<group>"; };
		4B8C54C2207912240066BAE1 /* CubeUtils.h */ = {isa = PBXFileReference; fileEncoding = 4; lastKnownFileType = sourcecode.c.h; path = CubeUtils.h; sourceTree = "<group>"; };
		4B8C54C3207912240066BAE1 /* Cube.cpp */ = {isa = PBXFileReference; fileEncoding = 4; lastKnownFileType = sourcecode.cpp.cpp; path = Cube.cpp; sourceTree = "<group>"; };
		4B8C54C4207912240066BAE1 /* Cubelet.h */ = {isa = PBXFileReference; fileEncoding = 4; lastKnownFileType = sourcecode.c.h; path = Cubelet.h; sourceTree = "<group>"; };
		4B8C54C5207912240066BAE1 /* RubikBase.h */ = {isa = PBXFileReference; fileEncoding = 4; lastKnownFileType = sourcecode.c.h; path = RubikBase.h; sourceTree = "<group>"; };
		4B8C54C6207912240066BAE1 /* ColorPermutation.cpp */ = {isa = PBXFileReference; fileEncoding = 4; lastKnownFileType = sourcecode.cpp.cpp; path = ColorPermutation.cpp; sourceTree = "<group>"; };
		4BA114F3208D7214008726BC /* RubikAssert.cpp */ = {isa = PBXFileReference; fileEncoding = 4; lastKnownFileType = sourcecode.cpp.cpp; path = RubikAssert.cpp; sourceTree = "<group>"; };
		4BA114F4208D7215008726BC /* RubikAssert.h */ = {isa = PBXFileReference; fileEncoding = 4; lastKnownFileType = sourcecode.c.h; path = RubikAssert.h; sourceTree = "<group>"; };
		4BF73864211616A9003CBA7C /* ExportCubeSolver.h */ = {isa = PBXFileReference; fileEncoding = 4; lastKnownFileType = sourcecode.c.h; path = ExportCubeSolver.h; sourceTree = "<group>"; };
		4BF73865211616A9003CBA7C /* ExportSolverConvert.h */ = {isa = PBXFileReference; fileEncoding = 4; lastKnownFileType = sourcecode.c.h; path = ExportSolverConvert.h; sourceTree = "<group>"; };
		4BF73866211616A9003CBA7C /* ExportCubeSolver.cpp */ = {isa = PBXFileReference; fileEncoding = 4; lastKnownFileType = sourcecode.cpp.cpp; path = ExportCubeSolver.cpp; sourceTree = "<group>"; };
		4BF73867211616A9003CBA7C /* ExportSolverConvert.cpp */ = {isa = PBXFileReference; fileEncoding = 4; lastKnownFileType = sourcecode.cpp.cpp; path = ExportSolverConvert.cpp; sourceTree = "<group>"; };
		740959010CC8255A00261DBF /* AppDelegate.mm */ = {isa = PBXFileReference; fileEncoding = 30; lastKnownFileType = sourcecode.cpp.objcpp; path = AppDelegate.mm; sourceTree = "<group>"; };
		740959020CC8255A00261DBF /* AppDelegate.h */ = {isa = PBXFileReference; fileEncoding = 30; lastKnownFileType = sourcecode.c.h; path = AppDelegate.h; sourceTree = "<group>"; };
		740959290CC826D800261DBF /* Credits.rtf */ = {isa = PBXFileReference; lastKnownFileType = text.rtf; path = Credits.rtf; sourceTree = "<group>"; };
		7439218A0CC944C3009BCC59 /* ReadMe.rtfd */ = {isa = PBXFileReference; lastKnownFileType = wrapper.rtfd; path = ReadMe.rtfd; sourceTree = "<group>"; };
		745217940CA98A790067AF41 /* OpenGL.framework */ = {isa = PBXFileReference; lastKnownFileType = wrapper.framework; name = OpenGL.framework; path = /System/Library/Frameworks/OpenGL.framework; sourceTree = "<absolute>"; };
		74A064900CC824A500C5C702 /* Cocoa GL.icns */ = {isa = PBXFileReference; lastKnownFileType = image.icns; path = "Cocoa GL.icns"; sourceTree = "<group>"; };
		74F0EC5B0CA989F9009E924F /* BasicOpenGLView.mm */ = {isa = PBXFileReference; fileEncoding = 30; lastKnownFileType = sourcecode.cpp.objcpp; path = BasicOpenGLView.mm; sourceTree = "<group>"; };
		74F0EC5C0CA989F9009E924F /* BasicOpenGLView.h */ = {isa = PBXFileReference; fileEncoding = 30; lastKnownFileType = sourcecode.c.h; path = BasicOpenGLView.h; sourceTree = "<group>"; };
		74F0EC5E0CA98A08009E924F /* drawInfo.h */ = {isa = PBXFileReference; lastKnownFileType = sourcecode.c.h; path = drawInfo.h; sourceTree = "<group>"; };
		74F0EC5F0CA98A08009E924F /* GLCheck.cpp */ = {isa = PBXFileReference; lastKnownFileType = sourcecode.cpp.cpp; path = GLCheck.cpp; sourceTree = "<group>"; };
		74F0EC600CA98A08009E924F /* drawInfo.mm */ = {isa = PBXFileReference; lastKnownFileType = sourcecode.cpp.objcpp; path = drawInfo.mm; sourceTree = "<group>"; };
		74F0EC610CA98A08009E924F /* GLCheck.h */ = {isa = PBXFileReference; lastKnownFileType = sourcecode.c.h; path = GLCheck.h; sourceTree = "<group>"; };
		74F0EC690CA98A30009E924F /* GLString.mm */ = {isa = PBXFileReference; lastKnownFileType = sourcecode.cpp.objcpp; path = GLString.mm; sourceTree = "<group>"; };
		74F0EC6A0CA98A30009E924F /* GLString.h */ = {isa = PBXFileReference; lastKnownFileType = sourcecode.c.h; path = GLString.h; sourceTree = "<group>"; };
		74F0EC6B0CA98A30009E924F /* trackball.h */ = {isa = PBXFileReference; lastKnownFileType = sourcecode.c.h; path = trackball.h; sourceTree = "<group>"; };
		74F0EC6C0CA98A30009E924F /* trackball.cpp */ = {isa = PBXFileReference; lastKnownFileType = sourcecode.cpp.cpp; path = trackball.cpp; sourceTree = "<group>"; };
		8D1107310486CEB800E47090 /* Info.plist */ = {isa = PBXFileReference; fileEncoding = 4; lastKnownFileType = text.plist; path = Info.plist; sourceTree = "<group>"; };
		8D1107320486CEB800E47090 /* Cocoa OpenGL.app */ = {isa = PBXFileReference; explicitFileType = wrapper.application; includeInIndex = 0; path = "Cocoa OpenGL.app"; sourceTree = BUILT_PRODUCTS_DIR; };
/* End PBXFileReference section */

/* Begin PBXFrameworksBuildPhase section */
		8D11072E0486CEB800E47090 /* Frameworks */ = {
			isa = PBXFrameworksBuildPhase;
			buildActionMask = 2147483647;
			files = (
				8D11072F0486CEB800E47090 /* Cocoa.framework in Frameworks */,
				745217950CA98A790067AF41 /* OpenGL.framework in Frameworks */,
				4B8C549E2071F13E0066BAE1 /* libopencv_highgui.dylib in Frameworks */,
				4B8C54A42071F15C0066BAE1 /* libopencv_imgcodecs.dylib in Frameworks */,
				4B8C54A22071F1580066BAE1 /* libopencv_imgproc.dylib in Frameworks */,
				4B8C54A02071F14B0066BAE1 /* libopencv_features2d.dylib in Frameworks */,
				4B8C549C2071F1330066BAE1 /* libopencv_core.dylib in Frameworks */,
			);
			runOnlyForDeploymentPostprocessing = 0;
		};
/* End PBXFrameworksBuildPhase section */

/* Begin PBXGroup section */
		080E96DDFE201D6D7F000001 /* Classes */ = {
			isa = PBXGroup;
			children = (
				4B8C54A8207912240066BAE1 /* RubikLib */,
				74E01FB50CAC4E510030A4D8 /* GL Utilities */,
				74F0EC5B0CA989F9009E924F /* BasicOpenGLView.mm */,
				74F0EC5C0CA989F9009E924F /* BasicOpenGLView.h */,
			);
			name = Classes;
			sourceTree = "<group>";
		};
		1058C7A0FEA54F0111CA2CBB /* Linked Frameworks */ = {
			isa = PBXGroup;
			children = (
				745217940CA98A790067AF41 /* OpenGL.framework */,
				1058C7A1FEA54F0111CA2CBB /* Cocoa.framework */,
			);
			name = "Linked Frameworks";
			sourceTree = "<group>";
		};
		1058C7A2FEA54F0111CA2CBB /* Other Frameworks */ = {
			isa = PBXGroup;
			children = (
			);
			name = "Other Frameworks";
			sourceTree = "<group>";
		};
		19C28FACFE9D520D11CA2CBB /* Products */ = {
			isa = PBXGroup;
			children = (
				8D1107320486CEB800E47090 /* Cocoa OpenGL.app */,
			);
			name = Products;
			sourceTree = "<group>";
		};
		29B97314FDCFA39411CA2CEA /* Cocoa OpenGL */ = {
			isa = PBXGroup;
			children = (
				4B322FC11D73E21D00542254 /* libs */,
				7439218A0CC944C3009BCC59 /* ReadMe.rtfd */,
				080E96DDFE201D6D7F000001 /* Classes */,
				29B97315FDCFA39411CA2CEA /* Other Sources */,
				29B97317FDCFA39411CA2CEA /* Resources */,
				29B97323FDCFA39411CA2CEA /* Frameworks */,
				19C28FACFE9D520D11CA2CBB /* Products */,
			);
			name = "Cocoa OpenGL";
			sourceTree = "<group>";
		};
		29B97315FDCFA39411CA2CEA /* Other Sources */ = {
			isa = PBXGroup;
			children = (
				740959010CC8255A00261DBF /* AppDelegate.mm */,
				740959020CC8255A00261DBF /* AppDelegate.h */,
				32CA4F630368D1EE00C91783 /* Cocoa OpenGL_Prefix.pch */,
				29B97316FDCFA39411CA2CEA /* main.mm */,
			);
			name = "Other Sources";
			sourceTree = "<group>";
		};
		29B97317FDCFA39411CA2CEA /* Resources */ = {
			isa = PBXGroup;
			children = (
				740959290CC826D800261DBF /* Credits.rtf */,
				74A064900CC824A500C5C702 /* Cocoa GL.icns */,
				8D1107310486CEB800E47090 /* Info.plist */,
				089C165CFE840E0CC02AAC07 /* InfoPlist.strings */,
				29B97318FDCFA39411CA2CEA /* MainMenu.nib */,
			);
			name = Resources;
			sourceTree = "<group>";
		};
		29B97323FDCFA39411CA2CEA /* Frameworks */ = {
			isa = PBXGroup;
			children = (
				4B8C54A32071F15C0066BAE1 /* libopencv_imgcodecs.dylib */,
				4B8C54A12071F1570066BAE1 /* libopencv_imgproc.dylib */,
				4B8C549F2071F14B0066BAE1 /* libopencv_features2d.dylib */,
				4B8C549D2071F13E0066BAE1 /* libopencv_highgui.dylib */,
				4B8C549B2071F1320066BAE1 /* libopencv_core.dylib */,
				1058C7A0FEA54F0111CA2CBB /* Linked Frameworks */,
				1058C7A2FEA54F0111CA2CBB /* Other Frameworks */,
			);
			name = Frameworks;
			sourceTree = "<group>";
		};
		4B322FC11D73E21D00542254 /* libs */ = {
			isa = PBXGroup;
			children = (
			);
			name = libs;
			sourceTree = "<group>";
		};
		4B8C54A8207912240066BAE1 /* RubikLib */ = {
			isa = PBXGroup;
			children = (
				4BA114F3208D7214008726BC /* RubikAssert.cpp */,
				4BA114F4208D7215008726BC /* RubikAssert.h */,
				4B8C54AD207912240066BAE1 /* Drawer */,
				4B8C54A9207912240066BAE1 /* Detect */,
				4B8C54B3207912240066BAE1 /* Solver */,
				4B8C54AC207912240066BAE1 /* ColorPermMap.h */,
				4B8C54B0207912240066BAE1 /* CubeHandler.cpp */,
				4B8C54B1207912240066BAE1 /* CubeHandler.h */,
				4B8C54B2207912240066BAE1 /* ColorPermMap.cpp */,
				4B8C54BE207912240066BAE1 /* Cube.h */,
				4B8C54BF207912240066BAE1 /* Cubelet.cpp */,
				4B8C54C0207912240066BAE1 /* RubikBase.cpp */,
				4B8C54C1207912240066BAE1 /* ColorPermutation.h */,
				4B8C54C2207912240066BAE1 /* CubeUtils.h */,
				4B8C54C3207912240066BAE1 /* Cube.cpp */,
				4B8C54C4207912240066BAE1 /* Cubelet.h */,
				4B8C54C5207912240066BAE1 /* RubikBase.h */,
				4B8C54C6207912240066BAE1 /* ColorPermutation.cpp */,
			);
			path = RubikLib;
			sourceTree = "<group>";
		};
		4B8C54A9207912240066BAE1 /* Detect */ = {
			isa = PBXGroup;
			children = (
				4B8C54AA207912240066BAE1 /* DetectRubik.mm */,
				4B8C54AB207912240066BAE1 /* DetectRubik.h */,
			);
			path = Detect;
			sourceTree = "<group>";
		};
		4B8C54AD207912240066BAE1 /* Drawer */ = {
			isa = PBXGroup;
			children = (
				4B8C54AE207912240066BAE1 /* CubeGLDrawer.h */,
				4B8C54AF207912240066BAE1 /* CubeGLDrawer.cpp */,
			);
			path = Drawer;
			sourceTree = "<group>";
		};
		4B8C54B3207912240066BAE1 /* Solver */ = {
			isa = PBXGroup;
			children = (
				4BF73866211616A9003CBA7C /* ExportCubeSolver.cpp */,
				4BF73864211616A9003CBA7C /* ExportCubeSolver.h */,
				4BF73867211616A9003CBA7C /* ExportSolverConvert.cpp */,
				4BF73865211616A9003CBA7C /* ExportSolverConvert.h */,
				4B8C54B4207912240066BAE1 /* GenBruteSolve.h */,
				4B8C54B5207912240066BAE1 /* FridrichSolver.cpp */,
				4B8C54B6207912240066BAE1 /* FridrichSolver.h */,
				4B8C54B7207912240066BAE1 /* DummyCubeSolver.cpp */,
				4B8C54B8207912240066BAE1 /* ThistleSolver.h */,
				4B8C54B9207912240066BAE1 /* DummyCubeSolver.h */,
				4B8C54BA207912240066BAE1 /* CubeSolver.cpp */,
				4B8C54BB207912240066BAE1 /* CubeSolver.h */,
				4B8C54BC207912240066BAE1 /* ThistleSolver.cpp */,
				4B8C54BD207912240066BAE1 /* GenBruteSolve.cpp */,
			);
			path = Solver;
			sourceTree = "<group>";
		};
		74E01FB50CAC4E510030A4D8 /* GL Utilities */ = {
			isa = PBXGroup;
			children = (
				74F0EC5E0CA98A08009E924F /* drawInfo.h */,
				74F0EC600CA98A08009E924F /* drawInfo.mm */,
				74F0EC6B0CA98A30009E924F /* trackball.h */,
				74F0EC6C0CA98A30009E924F /* trackball.cpp */,
				74F0EC690CA98A30009E924F /* GLString.mm */,
				74F0EC6A0CA98A30009E924F /* GLString.h */,
				74F0EC5F0CA98A08009E924F /* GLCheck.cpp */,
				74F0EC610CA98A08009E924F /* GLCheck.h */,
			);
			name = "GL Utilities";
			sourceTree = "<group>";
		};
/* End PBXGroup section */

/* Begin PBXNativeTarget section */
		8D1107260486CEB800E47090 /* Cocoa OpenGL */ = {
			isa = PBXNativeTarget;
			buildConfigurationList = C01FCF4A08A954540054247B /* Build configuration list for PBXNativeTarget "Cocoa OpenGL" */;
			buildPhases = (
				8D1107290486CEB800E47090 /* Resources */,
				8D11072C0486CEB800E47090 /* Sources */,
				8D11072E0486CEB800E47090 /* Frameworks */,
			);
			buildRules = (
			);
			dependencies = (
			);
			name = "Cocoa OpenGL";
			productInstallPath = "$(HOME)/Applications";
			productName = "Cocoa OpenGL";
			productReference = 8D1107320486CEB800E47090 /* Cocoa OpenGL.app */;
			productType = "com.apple.product-type.application";
		};
/* End PBXNativeTarget section */

/* Begin PBXProject section */
		29B97313FDCFA39411CA2CEA /* Project object */ = {
			isa = PBXProject;
			attributes = {
				LastUpgradeCheck = 0450;
			};
			buildConfigurationList = C01FCF4E08A954540054247B /* Build configuration list for PBXProject "Cocoa OpenGL" */;
			compatibilityVersion = "Xcode 3.2";
			developmentRegion = English;
			hasScannedForEncodings = 1;
			knownRegions = (
				en,
			);
			mainGroup = 29B97314FDCFA39411CA2CEA /* Cocoa OpenGL */;
			projectDirPath = "";
			projectRoot = "";
			targets = (
				8D1107260486CEB800E47090 /* Cocoa OpenGL */,
			);
		};
/* End PBXProject section */

/* Begin PBXResourcesBuildPhase section */
		8D1107290486CEB800E47090 /* Resources */ = {
			isa = PBXResourcesBuildPhase;
			buildActionMask = 2147483647;
			files = (
				8D11072A0486CEB800E47090 /* MainMenu.nib in Resources */,
				8D11072B0486CEB800E47090 /* InfoPlist.strings in Resources */,
				74A064910CC824A500C5C702 /* Cocoa GL.icns in Resources */,
				7409592A0CC826D800261DBF /* Credits.rtf in Resources */,
			);
			runOnlyForDeploymentPostprocessing = 0;
		};
/* End PBXResourcesBuildPhase section */

/* Begin PBXSourcesBuildPhase section */
		8D11072C0486CEB800E47090 /* Sources */ = {
			isa = PBXSourcesBuildPhase;
			buildActionMask = 2147483647;
			files = (
				4B8C54D1207912240066BAE1 /* RubikBase.cpp in Sources */,
				4B8C54C8207912240066BAE1 /* CubeGLDrawer.cpp in Sources */,
				4B8C54CC207912240066BAE1 /* DummyCubeSolver.cpp in Sources */,
				4B8C54CA207912240066BAE1 /* ColorPermMap.cpp in Sources */,
				745217CB0CA98B160067AF41 /* drawInfo.mm in Sources */,
				745217CC0CA98B160067AF41 /* GLCheck.cpp in Sources */,
				745217CD0CA98B160067AF41 /* GLString.mm in Sources */,
				745217CE0CA98B160067AF41 /* trackball.cpp in Sources */,
				4B8C54CF207912240066BAE1 /* GenBruteSolve.cpp in Sources */,
				4B8C54C7207912240066BAE1 /* DetectRubik.mm in Sources */,
				8D11072D0486CEB800E47090 /* main.mm in Sources */,
				4B8C54D2207912250066BAE1 /* Cube.cpp in Sources */,
				74F0EC5D0CA989F9009E924F /* BasicOpenGLView.mm in Sources */,
				4BF73869211616A9003CBA7C /* ExportSolverConvert.cpp in Sources */,
				4B8C54CB207912240066BAE1 /* FridrichSolver.cpp in Sources */,
				4B8C54CE207912240066BAE1 /* ThistleSolver.cpp in Sources */,
				4BF73868211616A9003CBA7C /* ExportCubeSolver.cpp in Sources */,
				740959030CC8255A00261DBF /* AppDelegate.mm in Sources */,
				4B8C54D3207912250066BAE1 /* ColorPermutation.cpp in Sources */,
				4BA114F5208D7215008726BC /* RubikAssert.cpp in Sources */,
				4B8C54C9207912240066BAE1 /* CubeHandler.cpp in Sources */,
				4B8C54CD207912240066BAE1 /* CubeSolver.cpp in Sources */,
				4B8C54D0207912240066BAE1 /* Cubelet.cpp in Sources */,
			);
			runOnlyForDeploymentPostprocessing = 0;
		};
/* End PBXSourcesBuildPhase section */

/* Begin PBXVariantGroup section */
		089C165CFE840E0CC02AAC07 /* InfoPlist.strings */ = {
			isa = PBXVariantGroup;
			children = (
				089C165DFE840E0CC02AAC07 /* English */,
			);
			name = InfoPlist.strings;
			sourceTree = "<group>";
		};
		29B97318FDCFA39411CA2CEA /* MainMenu.nib */ = {
			isa = PBXVariantGroup;
			children = (
				29B97319FDCFA39411CA2CEA /* English */,
			);
			name = MainMenu.nib;
			sourceTree = "<group>";
		};
/* End PBXVariantGroup section */

/* Begin XCBuildConfiguration section */
		C01FCF4B08A954540054247B /* Debug */ = {
			isa = XCBuildConfiguration;
			buildSettings = {
				ARCHS = "$(NATIVE_ARCH_ACTUAL)";
				CLANG_CXX_LANGUAGE_STANDARD = "c++17";
				CLANG_CXX_LIBRARY = "libc++";
				COMBINE_HIDPI_IMAGES = YES;
				COPY_PHASE_STRIP = NO;
				GCC_DYNAMIC_NO_PIC = NO;
				GCC_MODEL_TUNING = G5;
				GCC_OPTIMIZATION_LEVEL = 0;
				GCC_VERSION = "";
				GCC_WARN_PEDANTIC = YES;
				HEADER_SEARCH_PATHS = (
					/usr/local/include,
					/usr/local/include/eigen3,
					/usr/local/include/eigen3/unsupported,
					/opt/local/include,
					third/range/include,
					third/cereal/include,
					.,
				);
				INFOPLIST_FILE = Info.plist;
				INSTALL_PATH = "$(HOME)/Applications";
				LIBRARY_SEARCH_PATHS = (
					"$(inherited)",
					/usr/local/lib,
				);
				ONLY_ACTIVE_ARCH = YES;
				PRODUCT_NAME = "Cocoa OpenGL";
				SDKROOT = macosx;
				WRAPPER_EXTENSION = app;
				ZERO_LINK = YES;
			};
			name = Debug;
		};
		C01FCF4C08A954540054247B /* Release */ = {
			isa = XCBuildConfiguration;
			buildSettings = {
				ARCHS = "$(NATIVE_ARCH_ACTUAL)";
				CLANG_CXX_LANGUAGE_STANDARD = "c++17";
				CLANG_CXX_LIBRARY = "libc++";
				COMBINE_HIDPI_IMAGES = YES;
				GCC_GENERATE_DEBUGGING_SYMBOLS = NO;
				GCC_MODEL_TUNING = G5;
				GCC_VERSION = "";
				GCC_WARN_PEDANTIC = YES;
				HEADER_SEARCH_PATHS = (
					/usr/local/include,
					/usr/local/include/eigen3,
					/usr/local/include/eigen3/unsupported,
					/opt/local/include,
					third/range/include,
					third/cereal/include,
					.,
				);
				INFOPLIST_FILE = Info.plist;
				INSTALL_PATH = "$(HOME)/Applications";
				LIBRARY_SEARCH_PATHS = (
					"$(inherited)",
					/usr/local/lib,
				);
				ONLY_ACTIVE_ARCH = YES;
				PRODUCT_NAME = "Cocoa OpenGL";
				SDKROOT = macosx;
				WRAPPER_EXTENSION = app;
			};
			name = Release;
		};
		C01FCF4F08A954540054247B /* Debug */ = {
			isa = XCBuildConfiguration;
			buildSettings = {
				ARCHS = "$(ARCHS_STANDARD_64_BIT)";
				GCC_WARN_ABOUT_RETURN_TYPE = YES;
				GCC_WARN_EFFECTIVE_CPLUSPLUS_VIOLATIONS = NO;
				GCC_WARN_MISSING_PARENTHESES = NO;
				GCC_WARN_PEDANTIC = NO;
				GCC_WARN_SHADOW = NO;
				GCC_WARN_TYPECHECK_CALLS_TO_PRINTF = YES;
				GCC_WARN_UNINITIALIZED_AUTOS = YES;
				GCC_WARN_UNKNOWN_PRAGMAS = YES;
				GCC_WARN_UNUSED_FUNCTION = YES;
				GCC_WARN_UNUSED_LABEL = YES;
				GCC_WARN_UNUSED_PARAMETER = NO;
				GCC_WARN_UNUSED_VALUE = YES;
				GCC_WARN_UNUSED_VARIABLE = NO;
				HEADER_SEARCH_PATHS = (
					/usr/local/include,
					/opt/local/include,
					.,
				);
				SDKROOT = "$(DEVELOPER_SDK_DIR)/MacOSX10.4u.sdk";
			};
			name = Debug;
		};
		C01FCF5008A954540054247B /* Release */ = {
			isa = XCBuildConfiguration;
			buildSettings = {
				ARCHS = "$(ARCHS_STANDARD_64_BIT)";
				GCC_WARN_ABOUT_RETURN_TYPE = YES;
				GCC_WARN_EFFECTIVE_CPLUSPLUS_VIOLATIONS = NO;
				GCC_WARN_MISSING_PARENTHESES = NO;
				GCC_WARN_PEDANTIC = NO;
				GCC_WARN_SHADOW = NO;
				GCC_WARN_TYPECHECK_CALLS_TO_PRINTF = YES;
				GCC_WARN_UNINITIALIZED_AUTOS = YES;
				GCC_WARN_UNKNOWN_PRAGMAS = YES;
				GCC_WARN_UNUSED_FUNCTION = YES;
				GCC_WARN_UNUSED_LABEL = YES;
				GCC_WARN_UNUSED_PARAMETER = NO;
				GCC_WARN_UNUSED_VALUE = YES;
				GCC_WARN_UNUSED_VARIABLE = NO;
				HEADER_SEARCH_PATHS = (
					/usr/local/include,
					/opt/local/include,
					.,
				);
				SDKROOT = "$(DEVELOPER_SDK_DIR)/MacOSX10.4u.sdk";
			};
			name = Release;
		};
/* End XCBuildConfiguration section */

/* Begin XCConfigurationList section */
		C01FCF4A08A954540054247B /* Build configuration list for PBXNativeTarget "Cocoa OpenGL" */ = {
			isa = XCConfigurationList;
			buildConfigurations = (
				C01FCF4B08A954540054247B /* Debug */,
				C01FCF4C08A954540054247B /* Release */,
			);
			defaultConfigurationIsVisible = 0;
			defaultConfigurationName = Release;
		};
		C01FCF4E08A954540054247B /* Build configuration list for PBXProject "Cocoa OpenGL" */ = {
			isa = XCConfigurationList;
			buildConfigurations = (
				C01FCF4F08A954540054247B /* Debug */,
				C01FCF5008A954540054247B /* Release */,
			);
			defaultConfigurationIsVisible = 0;
			defaultConfigurationName = Release;
		};
/* End XCConfigurationList section */
	};
	rootObject = 29B97313FDCFA39411CA2CEA /* Project object */;
}
