// !$*UTF8*$!
{
	archiveVersion = 1;
	classes = {
	};
	objectVersion = 46;
	objects = {

/* Begin PBXBuildFile section */
		4B7777D716BCA6E700708A32 /* DetectRubik.mm in Sources */ = {isa = PBXBuildFile; fileRef = 4B7777D516BCA6E700708A32 /* DetectRubik.mm */; };
		4B92832119DBB7AD0099A7E2 /* libopencv_core.3.2.dylib in Frameworks */ = {isa = PBXBuildFile; fileRef = 4B92832019DBB7AD0099A7E2 /* libopencv_core.3.2.dylib */; };
		4B92832319DBB7BA0099A7E2 /* libopencv_highgui.3.2.dylib in Frameworks */ = {isa = PBXBuildFile; fileRef = 4B92832219DBB7BA0099A7E2 /* libopencv_highgui.3.2.dylib */; };
		4B92832519DBB7CE0099A7E2 /* libopencv_features2d.3.2.dylib in Frameworks */ = {isa = PBXBuildFile; fileRef = 4B92832419DBB7CE0099A7E2 /* libopencv_features2d.3.2.dylib */; };
		4B92832719DBB7D90099A7E2 /* libopencv_imgproc.3.2.dylib in Frameworks */ = {isa = PBXBuildFile; fileRef = 4B92832619DBB7D90099A7E2 /* libopencv_imgproc.3.2.dylib */; };
		4B92832919DBBE9E0099A7E2 /* libopencv_imgcodecs.3.2.dylib in Frameworks */ = {isa = PBXBuildFile; fileRef = 4B92832819DBBE9E0099A7E2 /* libopencv_imgcodecs.3.2.dylib */; };
		4BB03EEA1E218B96008A4628 /* RubikBase.cpp in Sources */ = {isa = PBXBuildFile; fileRef = 4BB03EE91E218B96008A4628 /* RubikBase.cpp */; };
		4BB03EEE1E219E51008A4628 /* ColorPermutation.cpp in Sources */ = {isa = PBXBuildFile; fileRef = 4BB03EEB1E219E51008A4628 /* ColorPermutation.cpp */; };
		4BB03EF11E229E28008A4628 /* ColorPermMap.cpp in Sources */ = {isa = PBXBuildFile; fileRef = 4BB03EEF1E229E28008A4628 /* ColorPermMap.cpp */; };
		4BB03EFC1E22FD86008A4628 /* Cube.cpp in Sources */ = {isa = PBXBuildFile; fileRef = 4BB03EF21E22FD86008A4628 /* Cube.cpp */; };
		4BB03EFD1E22FD86008A4628 /* CubeHandler.cpp in Sources */ = {isa = PBXBuildFile; fileRef = 4BB03EF41E22FD86008A4628 /* CubeHandler.cpp */; };
		4BB03EFE1E22FD86008A4628 /* Cubelet.cpp in Sources */ = {isa = PBXBuildFile; fileRef = 4BB03EF61E22FD86008A4628 /* Cubelet.cpp */; };
		4BB03EFF1E22FD86008A4628 /* CubeSolver.cpp in Sources */ = {isa = PBXBuildFile; fileRef = 4BB03EF81E22FD86008A4628 /* CubeSolver.cpp */; };
		4BB03F001E22FD86008A4628 /* DummyCubeSolver.cpp in Sources */ = {isa = PBXBuildFile; fileRef = 4BB03EFA1E22FD86008A4628 /* DummyCubeSolver.cpp */; };
		740959030CC8255A00261DBF /* AppDelegate.mm in Sources */ = {isa = PBXBuildFile; fileRef = 740959010CC8255A00261DBF /* AppDelegate.mm */; };
		7409592A0CC826D800261DBF /* Credits.rtf in Resources */ = {isa = PBXBuildFile; fileRef = 740959290CC826D800261DBF /* Credits.rtf */; };
		745217950CA98A790067AF41 /* OpenGL.framework in Frameworks */ = {isa = PBXBuildFile; fileRef = 745217940CA98A790067AF41 /* OpenGL.framework */; };
		745217CB0CA98B160067AF41 /* drawInfo.mm in Sources */ = {isa = PBXBuildFile; fileRef = 74F0EC600CA98A08009E924F /* drawInfo.mm */; };
		745217CC0CA98B160067AF41 /* GLCheck.cpp in Sources */ = {isa = PBXBuildFile; fileRef = 74F0EC5F0CA98A08009E924F /* GLCheck.cpp */; };
		745217CD0CA98B160067AF41 /* GLString.mm in Sources */ = {isa = PBXBuildFile; fileRef = 74F0EC690CA98A30009E924F /* GLString.mm */; };
		745217CE0CA98B160067AF41 /* trackball.cpp in Sources */ = {isa = PBXBuildFile; fileRef = 74F0EC6C0CA98A30009E924F /* trackball.cpp */; };
		74A064910CC824A500C5C702 /* Cocoa GL.icns in Resources */ = {isa = PBXBuildFile; fileRef = 74A064900CC824A500C5C702 /* Cocoa GL.icns */; };
		74F0EC5D0CA989F9009E924F /* BasicOpenGLView.mm in Sources */ = {isa = PBXBuildFile; fileRef = 74F0EC5B0CA989F9009E924F /* BasicOpenGLView.mm */; };
		8D11072A0486CEB800E47090 /* MainMenu.nib in Resources */ = {isa = PBXBuildFile; fileRef = 29B97318FDCFA39411CA2CEA /* MainMenu.nib */; };
		8D11072B0486CEB800E47090 /* InfoPlist.strings in Resources */ = {isa = PBXBuildFile; fileRef = 089C165CFE840E0CC02AAC07 /* InfoPlist.strings */; };
		8D11072D0486CEB800E47090 /* main.mm in Sources */ = {isa = PBXBuildFile; fileRef = 29B97316FDCFA39411CA2CEA /* main.mm */; settings = {ATTRIBUTES = (); }; };
		8D11072F0486CEB800E47090 /* Cocoa.framework in Frameworks */ = {isa = PBXBuildFile; fileRef = 1058C7A1FEA54F0111CA2CBB /* Cocoa.framework */; };
/* End PBXBuildFile section */

/* Begin PBXFileReference section */
		089C165DFE840E0CC02AAC07 /* English */ = {isa = PBXFileReference; fileEncoding = 10; lastKnownFileType = text.plist.strings; name = English; path = English.lproj/InfoPlist.strings; sourceTree = "<group>"; };
		1058C7A1FEA54F0111CA2CBB /* Cocoa.framework */ = {isa = PBXFileReference; lastKnownFileType = wrapper.framework; name = Cocoa.framework; path = /System/Library/Frameworks/Cocoa.framework; sourceTree = "<absolute>"; };
		29B97316FDCFA39411CA2CEA /* main.mm */ = {isa = PBXFileReference; fileEncoding = 4; lastKnownFileType = sourcecode.cpp.objcpp; path = main.mm; sourceTree = "<group>"; };
		29B97319FDCFA39411CA2CEA /* English */ = {isa = PBXFileReference; lastKnownFileType = wrapper.nib; name = English; path = English.lproj/MainMenu.nib; sourceTree = "<group>"; };
		32CA4F630368D1EE00C91783 /* Cocoa OpenGL_Prefix.pch */ = {isa = PBXFileReference; fileEncoding = 4; lastKnownFileType = sourcecode.c.h; path = "Cocoa OpenGL_Prefix.pch"; sourceTree = "<group>"; };
		4B7777D516BCA6E700708A32 /* DetectRubik.mm */ = {isa = PBXFileReference; fileEncoding = 4; lastKnownFileType = sourcecode.cpp.objcpp; path = DetectRubik.mm; sourceTree = "<group>"; };
		4B7777D616BCA6E700708A32 /* DetectRubik.h */ = {isa = PBXFileReference; fileEncoding = 4; lastKnownFileType = sourcecode.c.h; path = DetectRubik.h; sourceTree = "<group>"; };
		4B7777E116BF310B00708A32 /* libexif.12.dylib */ = {isa = PBXFileReference; lastKnownFileType = "compiled.mach-o.dylib"; name = libexif.12.dylib; path = /opt/local/lib/libexif.12.dylib; sourceTree = "<absolute>"; };
		4B92832019DBB7AD0099A7E2 /* libopencv_core.3.2.dylib */ = {isa = PBXFileReference; lastKnownFileType = "compiled.mach-o.dylib"; name = libopencv_core.3.2.dylib; path = /usr/local/lib/libopencv_core.3.2.dylib; sourceTree = "<absolute>"; };
		4B92832219DBB7BA0099A7E2 /* libopencv_highgui.3.2.dylib */ = {isa = PBXFileReference; lastKnownFileType = "compiled.mach-o.dylib"; name = libopencv_highgui.3.2.dylib; path = /usr/local/lib/libopencv_highgui.3.2.dylib; sourceTree = "<absolute>"; };
		4B92832419DBB7CE0099A7E2 /* libopencv_features2d.3.2.dylib */ = {isa = PBXFileReference; lastKnownFileType = "compiled.mach-o.dylib"; name = libopencv_features2d.3.2.dylib; path = /usr/local/lib/libopencv_features2d.3.2.dylib; sourceTree = "<absolute>"; };
		4B92832619DBB7D90099A7E2 /* libopencv_imgproc.3.2.dylib */ = {isa = PBXFileReference; lastKnownFileType = "compiled.mach-o.dylib"; name = libopencv_imgproc.3.2.dylib; path = /usr/local/lib/libopencv_imgproc.3.2.dylib; sourceTree = "<absolute>"; };
		4B92832819DBBE9E0099A7E2 /* libopencv_imgcodecs.3.2.dylib */ = {isa = PBXFileReference; lastKnownFileType = "compiled.mach-o.dylib"; name = libopencv_imgcodecs.3.2.dylib; path = /usr/local/lib/libopencv_imgcodecs.3.2.dylib; sourceTree = "<absolute>"; };
		4BB03EE91E218B96008A4628 /* RubikBase.cpp */ = {isa = PBXFileReference; fileEncoding = 4; lastKnownFileType = sourcecode.cpp.cpp; path = RubikBase.cpp; sourceTree = "<group>"; };
		4BB03EEB1E219E51008A4628 /* ColorPermutation.cpp */ = {isa = PBXFileReference; fileEncoding = 4; lastKnownFileType = sourcecode.cpp.cpp; path = ColorPermutation.cpp; sourceTree = "<group>"; };
		4BB03EEC1E219E51008A4628 /* ColorPermutation.h */ = {isa = PBXFileReference; fileEncoding = 4; lastKnownFileType = sourcecode.c.h; path = ColorPermutation.h; sourceTree = "<group>"; };
		4BB03EED1E219E51008A4628 /* RubikBase.h */ = {isa = PBXFileReference; fileEncoding = 4; lastKnownFileType = sourcecode.c.h; path = RubikBase.h; sourceTree = "<group>"; };
		4BB03EEF1E229E28008A4628 /* ColorPermMap.cpp */ = {isa = PBXFileReference; fileEncoding = 4; lastKnownFileType = sourcecode.cpp.cpp; path = ColorPermMap.cpp; sourceTree = "<group>"; };
		4BB03EF01E229E28008A4628 /* ColorPermMap.h */ = {isa = PBXFileReference; fileEncoding = 4; lastKnownFileType = sourcecode.c.h; path = ColorPermMap.h; sourceTree = "<group>"; };
		4BB03EF21E22FD86008A4628 /* Cube.cpp */ = {isa = PBXFileReference; fileEncoding = 4; lastKnownFileType = sourcecode.cpp.cpp; path = Cube.cpp; sourceTree = "<group>"; };
		4BB03EF31E22FD86008A4628 /* Cube.h */ = {isa = PBXFileReference; fileEncoding = 4; lastKnownFileType = sourcecode.c.h; path = Cube.h; sourceTree = "<group>"; };
		4BB03EF41E22FD86008A4628 /* CubeHandler.cpp */ = {isa = PBXFileReference; fileEncoding = 4; lastKnownFileType = sourcecode.cpp.cpp; path = CubeHandler.cpp; sourceTree = "<group>"; };
		4BB03EF51E22FD86008A4628 /* CubeHandler.h */ = {isa = PBXFileReference; fileEncoding = 4; lastKnownFileType = sourcecode.c.h; path = CubeHandler.h; sourceTree = "<group>"; };
		4BB03EF61E22FD86008A4628 /* Cubelet.cpp */ = {isa = PBXFileReference; fileEncoding = 4; lastKnownFileType = sourcecode.cpp.cpp; path = Cubelet.cpp; sourceTree = "<group>"; };
		4BB03EF71E22FD86008A4628 /* Cubelet.h */ = {isa = PBXFileReference; fileEncoding = 4; lastKnownFileType = sourcecode.c.h; path = Cubelet.h; sourceTree = "<group>"; };
		4BB03EF81E22FD86008A4628 /* CubeSolver.cpp */ = {isa = PBXFileReference; fileEncoding = 4; lastKnownFileType = sourcecode.cpp.cpp; path = CubeSolver.cpp; sourceTree = "<group>"; };
		4BB03EF91E22FD86008A4628 /* CubeSolver.h */ = {isa = PBXFileReference; fileEncoding = 4; lastKnownFileType = sourcecode.c.h; path = CubeSolver.h; sourceTree = "<group>"; };
		4BB03EFA1E22FD86008A4628 /* DummyCubeSolver.cpp */ = {isa = PBXFileReference; fileEncoding = 4; lastKnownFileType = sourcecode.cpp.cpp; path = DummyCubeSolver.cpp; sourceTree = "<group>"; };
		4BB03EFB1E22FD86008A4628 /* DummyCubeSolver.h */ = {isa = PBXFileReference; fileEncoding = 4; lastKnownFileType = sourcecode.c.h; path = DummyCubeSolver.h; sourceTree = "<group>"; };
		740959010CC8255A00261DBF /* AppDelegate.mm */ = {isa = PBXFileReference; fileEncoding = 30; lastKnownFileType = sourcecode.cpp.objcpp; path = AppDelegate.mm; sourceTree = "<group>"; };
		740959020CC8255A00261DBF /* AppDelegate.h */ = {isa = PBXFileReference; fileEncoding = 30; lastKnownFileType = sourcecode.c.h; path = AppDelegate.h; sourceTree = "<group>"; };
		740959290CC826D800261DBF /* Credits.rtf */ = {isa = PBXFileReference; lastKnownFileType = text.rtf; path = Credits.rtf; sourceTree = "<group>"; };
		7439218A0CC944C3009BCC59 /* ReadMe.rtfd */ = {isa = PBXFileReference; lastKnownFileType = wrapper.rtfd; path = ReadMe.rtfd; sourceTree = "<group>"; };
		745217940CA98A790067AF41 /* OpenGL.framework */ = {isa = PBXFileReference; lastKnownFileType = wrapper.framework; name = OpenGL.framework; path = /System/Library/Frameworks/OpenGL.framework; sourceTree = "<absolute>"; };
		74A064900CC824A500C5C702 /* Cocoa GL.icns */ = {isa = PBXFileReference; lastKnownFileType = image.icns; path = "Cocoa GL.icns"; sourceTree = "<group>"; };
		74F0EC5B0CA989F9009E924F /* BasicOpenGLView.mm */ = {isa = PBXFileReference; fileEncoding = 30; lastKnownFileType = sourcecode.cpp.objcpp; path = BasicOpenGLView.mm; sourceTree = "<group>"; };
		74F0EC5C0CA989F9009E924F /* BasicOpenGLView.h */ = {isa = PBXFileReference; fileEncoding = 30; lastKnownFileType = sourcecode.c.h; path = BasicOpenGLView.h; sourceTree = "<group>"; };
		74F0EC5E0CA98A08009E924F /* drawInfo.h */ = {isa = PBXFileReference; lastKnownFileType = sourcecode.c.h; path = drawInfo.h; sourceTree = "<group>"; };
		74F0EC5F0CA98A08009E924F /* GLCheck.cpp */ = {isa = PBXFileReference; lastKnownFileType = sourcecode.cpp.cpp; path = GLCheck.cpp; sourceTree = "<group>"; };
		74F0EC600CA98A08009E924F /* drawInfo.mm */ = {isa = PBXFileReference; lastKnownFileType = sourcecode.cpp.objcpp; path = drawInfo.mm; sourceTree = "<group>"; };
		74F0EC610CA98A08009E924F /* GLCheck.h */ = {isa = PBXFileReference; lastKnownFileType = sourcecode.c.h; path = GLCheck.h; sourceTree = "<group>"; };
		74F0EC690CA98A30009E924F /* GLString.mm */ = {isa = PBXFileReference; lastKnownFileType = sourcecode.cpp.objcpp; path = GLString.mm; sourceTree = "<group>"; };
		74F0EC6A0CA98A30009E924F /* GLString.h */ = {isa = PBXFileReference; lastKnownFileType = sourcecode.c.h; path = GLString.h; sourceTree = "<group>"; };
		74F0EC6B0CA98A30009E924F /* trackball.h */ = {isa = PBXFileReference; lastKnownFileType = sourcecode.c.h; path = trackball.h; sourceTree = "<group>"; };
		74F0EC6C0CA98A30009E924F /* trackball.cpp */ = {isa = PBXFileReference; lastKnownFileType = sourcecode.cpp.cpp; path = trackball.cpp; sourceTree = "<group>"; };
		8D1107310486CEB800E47090 /* Info.plist */ = {isa = PBXFileReference; fileEncoding = 4; lastKnownFileType = text.plist; path = Info.plist; sourceTree = "<group>"; };
		8D1107320486CEB800E47090 /* Cocoa OpenGL.app */ = {isa = PBXFileReference; explicitFileType = wrapper.application; includeInIndex = 0; path = "Cocoa OpenGL.app"; sourceTree = BUILT_PRODUCTS_DIR; };
/* End PBXFileReference section */

/* Begin PBXFrameworksBuildPhase section */
		8D11072E0486CEB800E47090 /* Frameworks */ = {
			isa = PBXFrameworksBuildPhase;
			buildActionMask = 2147483647;
			files = (
				4B92832319DBB7BA0099A7E2 /* libopencv_highgui.3.2.dylib in Frameworks */,
				4B92832919DBBE9E0099A7E2 /* libopencv_imgcodecs.3.2.dylib in Frameworks */,
				4B92832119DBB7AD0099A7E2 /* libopencv_core.3.2.dylib in Frameworks */,
				8D11072F0486CEB800E47090 /* Cocoa.framework in Frameworks */,
				4B92832719DBB7D90099A7E2 /* libopencv_imgproc.3.2.dylib in Frameworks */,
				745217950CA98A790067AF41 /* OpenGL.framework in Frameworks */,
				4B92832519DBB7CE0099A7E2 /* libopencv_features2d.3.2.dylib in Frameworks */,
			);
			runOnlyForDeploymentPostprocessing = 0;
		};
/* End PBXFrameworksBuildPhase section */

/* Begin PBXGroup section */
		080E96DDFE201D6D7F000001 /* Classes */ = {
			isa = PBXGroup;
			children = (
				4BB03EF21E22FD86008A4628 /* Cube.cpp */,
				4BB03EF31E22FD86008A4628 /* Cube.h */,
				4BB03EF41E22FD86008A4628 /* CubeHandler.cpp */,
				4BB03EF51E22FD86008A4628 /* CubeHandler.h */,
				4BB03EF61E22FD86008A4628 /* Cubelet.cpp */,
				4BB03EF71E22FD86008A4628 /* Cubelet.h */,
				4BB03EF81E22FD86008A4628 /* CubeSolver.cpp */,
				4BB03EF91E22FD86008A4628 /* CubeSolver.h */,
				4BB03EFA1E22FD86008A4628 /* DummyCubeSolver.cpp */,
				4BB03EFB1E22FD86008A4628 /* DummyCubeSolver.h */,
				4BB03EEF1E229E28008A4628 /* ColorPermMap.cpp */,
				4BB03EF01E229E28008A4628 /* ColorPermMap.h */,
				4BB03EEB1E219E51008A4628 /* ColorPermutation.cpp */,
				4BB03EEC1E219E51008A4628 /* ColorPermutation.h */,
				4BB03EED1E219E51008A4628 /* RubikBase.h */,
				4BB03EE91E218B96008A4628 /* RubikBase.cpp */,
				74E01FB50CAC4E510030A4D8 /* GL Utilities */,
				74F0EC5B0CA989F9009E924F /* BasicOpenGLView.mm */,
				74F0EC5C0CA989F9009E924F /* BasicOpenGLView.h */,
			);
			name = Classes;
			sourceTree = "<group>";
		};
		1058C7A0FEA54F0111CA2CBB /* Linked Frameworks */ = {
			isa = PBXGroup;
			children = (
				745217940CA98A790067AF41 /* OpenGL.framework */,
				1058C7A1FEA54F0111CA2CBB /* Cocoa.framework */,
			);
			name = "Linked Frameworks";
			sourceTree = "<group>";
		};
		1058C7A2FEA54F0111CA2CBB /* Other Frameworks */ = {
			isa = PBXGroup;
			children = (
			);
			name = "Other Frameworks";
			sourceTree = "<group>";
		};
		19C28FACFE9D520D11CA2CBB /* Products */ = {
			isa = PBXGroup;
			children = (
				8D1107320486CEB800E47090 /* Cocoa OpenGL.app */,
			);
			name = Products;
			sourceTree = "<group>";
		};
		29B97314FDCFA39411CA2CEA /* Cocoa OpenGL */ = {
			isa = PBXGroup;
			children = (
				4B322FC11D73E21D00542254 /* libs */,
				4B7777D516BCA6E700708A32 /* DetectRubik.mm */,
				4B7777D616BCA6E700708A32 /* DetectRubik.h */,
				7439218A0CC944C3009BCC59 /* ReadMe.rtfd */,
				080E96DDFE201D6D7F000001 /* Classes */,
				29B97315FDCFA39411CA2CEA /* Other Sources */,
				29B97317FDCFA39411CA2CEA /* Resources */,
				29B97323FDCFA39411CA2CEA /* Frameworks */,
				19C28FACFE9D520D11CA2CBB /* Products */,
			);
			name = "Cocoa OpenGL";
			sourceTree = "<group>";
		};
		29B97315FDCFA39411CA2CEA /* Other Sources */ = {
			isa = PBXGroup;
			children = (
				740959010CC8255A00261DBF /* AppDelegate.mm */,
				740959020CC8255A00261DBF /* AppDelegate.h */,
				32CA4F630368D1EE00C91783 /* Cocoa OpenGL_Prefix.pch */,
				29B97316FDCFA39411CA2CEA /* main.mm */,
			);
			name = "Other Sources";
			sourceTree = "<group>";
		};
		29B97317FDCFA39411CA2CEA /* Resources */ = {
			isa = PBXGroup;
			children = (
				740959290CC826D800261DBF /* Credits.rtf */,
				74A064900CC824A500C5C702 /* Cocoa GL.icns */,
				8D1107310486CEB800E47090 /* Info.plist */,
				089C165CFE840E0CC02AAC07 /* InfoPlist.strings */,
				29B97318FDCFA39411CA2CEA /* MainMenu.nib */,
			);
			name = Resources;
			sourceTree = "<group>";
		};
		29B97323FDCFA39411CA2CEA /* Frameworks */ = {
			isa = PBXGroup;
			children = (
				1058C7A0FEA54F0111CA2CBB /* Linked Frameworks */,
				1058C7A2FEA54F0111CA2CBB /* Other Frameworks */,
			);
			name = Frameworks;
			sourceTree = "<group>";
		};
		4B322FC11D73E21D00542254 /* libs */ = {
			isa = PBXGroup;
			children = (
				4B7777E116BF310B00708A32 /* libexif.12.dylib */,
				4B92832019DBB7AD0099A7E2 /* libopencv_core.3.2.dylib */,
				4B92832219DBB7BA0099A7E2 /* libopencv_highgui.3.2.dylib */,
				4B92832419DBB7CE0099A7E2 /* libopencv_features2d.3.2.dylib */,
				4B92832619DBB7D90099A7E2 /* libopencv_imgproc.3.2.dylib */,
				4B92832819DBBE9E0099A7E2 /* libopencv_imgcodecs.3.2.dylib */,
			);
			name = libs;
			sourceTree = "<group>";
		};
		74E01FB50CAC4E510030A4D8 /* GL Utilities */ = {
			isa = PBXGroup;
			children = (
				74F0EC5E0CA98A08009E924F /* drawInfo.h */,
				74F0EC600CA98A08009E924F /* drawInfo.mm */,
				74F0EC6B0CA98A30009E924F /* trackball.h */,
				74F0EC6C0CA98A30009E924F /* trackball.cpp */,
				74F0EC690CA98A30009E924F /* GLString.mm */,
				74F0EC6A0CA98A30009E924F /* GLString.h */,
				74F0EC5F0CA98A08009E924F /* GLCheck.cpp */,
				74F0EC610CA98A08009E924F /* GLCheck.h */,
			);
			name = "GL Utilities";
			sourceTree = "<group>";
		};
/* End PBXGroup section */

/* Begin PBXNativeTarget section */
		8D1107260486CEB800E47090 /* Cocoa OpenGL */ = {
			isa = PBXNativeTarget;
			buildConfigurationList = C01FCF4A08A954540054247B /* Build configuration list for PBXNativeTarget "Cocoa OpenGL" */;
			buildPhases = (
				8D1107290486CEB800E47090 /* Resources */,
				8D11072C0486CEB800E47090 /* Sources */,
				8D11072E0486CEB800E47090 /* Frameworks */,
			);
			buildRules = (
			);
			dependencies = (
			);
			name = "Cocoa OpenGL";
			productInstallPath = "$(HOME)/Applications";
			productName = "Cocoa OpenGL";
			productReference = 8D1107320486CEB800E47090 /* Cocoa OpenGL.app */;
			productType = "com.apple.product-type.application";
		};
/* End PBXNativeTarget section */

/* Begin PBXProject section */
		29B97313FDCFA39411CA2CEA /* Project object */ = {
			isa = PBXProject;
			attributes = {
				LastUpgradeCheck = 0450;
			};
			buildConfigurationList = C01FCF4E08A954540054247B /* Build configuration list for PBXProject "Cocoa OpenGL" */;
			compatibilityVersion = "Xcode 3.2";
			developmentRegion = English;
			hasScannedForEncodings = 1;
			knownRegions = (
				en,
			);
			mainGroup = 29B97314FDCFA39411CA2CEA /* Cocoa OpenGL */;
			projectDirPath = "";
			projectRoot = "";
			targets = (
				8D1107260486CEB800E47090 /* Cocoa OpenGL */,
			);
		};
/* End PBXProject section */

/* Begin PBXResourcesBuildPhase section */
		8D1107290486CEB800E47090 /* Resources */ = {
			isa = PBXResourcesBuildPhase;
			buildActionMask = 2147483647;
			files = (
				8D11072A0486CEB800E47090 /* MainMenu.nib in Resources */,
				8D11072B0486CEB800E47090 /* InfoPlist.strings in Resources */,
				74A064910CC824A500C5C702 /* Cocoa GL.icns in Resources */,
				7409592A0CC826D800261DBF /* Credits.rtf in Resources */,
			);
			runOnlyForDeploymentPostprocessing = 0;
		};
/* End PBXResourcesBuildPhase section */

/* Begin PBXSourcesBuildPhase section */
		8D11072C0486CEB800E47090 /* Sources */ = {
			isa = PBXSourcesBuildPhase;
			buildActionMask = 2147483647;
			files = (
				4BB03EFF1E22FD86008A4628 /* CubeSolver.cpp in Sources */,
				4BB03EFC1E22FD86008A4628 /* Cube.cpp in Sources */,
				745217CB0CA98B160067AF41 /* drawInfo.mm in Sources */,
				745217CC0CA98B160067AF41 /* GLCheck.cpp in Sources */,
				4BB03EFD1E22FD86008A4628 /* CubeHandler.cpp in Sources */,
				4BB03EFE1E22FD86008A4628 /* Cubelet.cpp in Sources */,
				745217CD0CA98B160067AF41 /* GLString.mm in Sources */,
				745217CE0CA98B160067AF41 /* trackball.cpp in Sources */,
				4BB03EEE1E219E51008A4628 /* ColorPermutation.cpp in Sources */,
				8D11072D0486CEB800E47090 /* main.mm in Sources */,
				4BB03F001E22FD86008A4628 /* DummyCubeSolver.cpp in Sources */,
				4BB03EF11E229E28008A4628 /* ColorPermMap.cpp in Sources */,
				74F0EC5D0CA989F9009E924F /* BasicOpenGLView.mm in Sources */,
				740959030CC8255A00261DBF /* AppDelegate.mm in Sources */,
				4BB03EEA1E218B96008A4628 /* RubikBase.cpp in Sources */,
				4B7777D716BCA6E700708A32 /* DetectRubik.mm in Sources */,
			);
			runOnlyForDeploymentPostprocessing = 0;
		};
/* End PBXSourcesBuildPhase section */

/* Begin PBXVariantGroup section */
		089C165CFE840E0CC02AAC07 /* InfoPlist.strings */ = {
			isa = PBXVariantGroup;
			children = (
				089C165DFE840E0CC02AAC07 /* English */,
			);
			name = InfoPlist.strings;
			sourceTree = "<group>";
		};
		29B97318FDCFA39411CA2CEA /* MainMenu.nib */ = {
			isa = PBXVariantGroup;
			children = (
				29B97319FDCFA39411CA2CEA /* English */,
			);
			name = MainMenu.nib;
			sourceTree = "<group>";
		};
/* End PBXVariantGroup section */

/* Begin XCBuildConfiguration section */
		C01FCF4B08A954540054247B /* Debug */ = {
			isa = XCBuildConfiguration;
			buildSettings = {
				ARCHS = "$(NATIVE_ARCH_ACTUAL)";
				CLANG_CXX_LANGUAGE_STANDARD = "gnu++0x";
				CLANG_CXX_LIBRARY = "libc++";
				COMBINE_HIDPI_IMAGES = YES;
				COPY_PHASE_STRIP = NO;
				GCC_DYNAMIC_NO_PIC = NO;
				GCC_MODEL_TUNING = G5;
				GCC_OPTIMIZATION_LEVEL = 0;
				GCC_VERSION = "";
				INFOPLIST_FILE = Info.plist;
				INSTALL_PATH = "$(HOME)/Applications";
				LIBRARY_SEARCH_PATHS = (
					"$(inherited)",
					/opt/local/lib,
					/usr/local/lib,
				);
				ONLY_ACTIVE_ARCH = YES;
				PRODUCT_NAME = "Cocoa OpenGL";
				SDKROOT = macosx;
				WRAPPER_EXTENSION = app;
				ZERO_LINK = YES;
			};
			name = Debug;
		};
		C01FCF4C08A954540054247B /* Release */ = {
			isa = XCBuildConfiguration;
			buildSettings = {
				ARCHS = "$(NATIVE_ARCH_ACTUAL)";
				CLANG_CXX_LANGUAGE_STANDARD = "gnu++0x";
				CLANG_CXX_LIBRARY = "libc++";
				COMBINE_HIDPI_IMAGES = YES;
				GCC_GENERATE_DEBUGGING_SYMBOLS = NO;
				GCC_MODEL_TUNING = G5;
				GCC_VERSION = "";
				INFOPLIST_FILE = Info.plist;
				INSTALL_PATH = "$(HOME)/Applications";
				LIBRARY_SEARCH_PATHS = (
					"$(inherited)",
					/opt/local/lib,
					/usr/local/lib,
				);
				ONLY_ACTIVE_ARCH = YES;
				PRODUCT_NAME = "Cocoa OpenGL";
				SDKROOT = macosx;
				WRAPPER_EXTENSION = app;
			};
			name = Release;
		};
		C01FCF4F08A954540054247B /* Debug */ = {
			isa = XCBuildConfiguration;
			buildSettings = {
				ARCHS = "$(ARCHS_STANDARD_64_BIT)";
				GCC_WARN_ABOUT_RETURN_TYPE = YES;
				GCC_WARN_EFFECTIVE_CPLUSPLUS_VIOLATIONS = NO;
				GCC_WARN_MISSING_PARENTHESES = NO;
				GCC_WARN_PEDANTIC = NO;
				GCC_WARN_SHADOW = NO;
				GCC_WARN_TYPECHECK_CALLS_TO_PRINTF = YES;
				GCC_WARN_UNINITIALIZED_AUTOS = YES;
				GCC_WARN_UNKNOWN_PRAGMAS = YES;
				GCC_WARN_UNUSED_FUNCTION = YES;
				GCC_WARN_UNUSED_LABEL = YES;
				GCC_WARN_UNUSED_PARAMETER = NO;
				GCC_WARN_UNUSED_VALUE = YES;
				GCC_WARN_UNUSED_VARIABLE = NO;
				HEADER_SEARCH_PATHS = (
					/usr/local/include,
					/opt/local/include,
					.,
				);
				SDKROOT = "$(DEVELOPER_SDK_DIR)/MacOSX10.4u.sdk";
			};
			name = Debug;
		};
		C01FCF5008A954540054247B /* Release */ = {
			isa = XCBuildConfiguration;
			buildSettings = {
				ARCHS = "$(ARCHS_STANDARD_64_BIT)";
				GCC_WARN_ABOUT_RETURN_TYPE = YES;
				GCC_WARN_EFFECTIVE_CPLUSPLUS_VIOLATIONS = NO;
				GCC_WARN_MISSING_PARENTHESES = NO;
				GCC_WARN_PEDANTIC = NO;
				GCC_WARN_SHADOW = NO;
				GCC_WARN_TYPECHECK_CALLS_TO_PRINTF = YES;
				GCC_WARN_UNINITIALIZED_AUTOS = YES;
				GCC_WARN_UNKNOWN_PRAGMAS = YES;
				GCC_WARN_UNUSED_FUNCTION = YES;
				GCC_WARN_UNUSED_LABEL = YES;
				GCC_WARN_UNUSED_PARAMETER = NO;
				GCC_WARN_UNUSED_VALUE = YES;
				GCC_WARN_UNUSED_VARIABLE = NO;
				HEADER_SEARCH_PATHS = (
					/usr/local/include,
					/opt/local/include,
					.,
				);
				SDKROOT = "$(DEVELOPER_SDK_DIR)/MacOSX10.4u.sdk";
			};
			name = Release;
		};
/* End XCBuildConfiguration section */

/* Begin XCConfigurationList section */
		C01FCF4A08A954540054247B /* Build configuration list for PBXNativeTarget "Cocoa OpenGL" */ = {
			isa = XCConfigurationList;
			buildConfigurations = (
				C01FCF4B08A954540054247B /* Debug */,
				C01FCF4C08A954540054247B /* Release */,
			);
			defaultConfigurationIsVisible = 0;
			defaultConfigurationName = Release;
		};
		C01FCF4E08A954540054247B /* Build configuration list for PBXProject "Cocoa OpenGL" */ = {
			isa = XCConfigurationList;
			buildConfigurations = (
				C01FCF4F08A954540054247B /* Debug */,
				C01FCF5008A954540054247B /* Release */,
			);
			defaultConfigurationIsVisible = 0;
			defaultConfigurationName = Release;
		};
/* End XCConfigurationList section */
	};
	rootObject = 29B97313FDCFA39411CA2CEA /* Project object */;
}
